
Microsoft Visual Studio Solution File, Format Version 12.00
# Visual Studio Version 17
VisualStudioVersion = 17.11.35303.130
MinimumVisualStudioVersion = 10.0.40219.1
Project("{FAE04EC0-301F-11D3-BF4B-00C04F79EFBC}") = "fibonacci", "fibonacci.csproj", "{D9902CB0-9D88-4707-912A-A4D5474B3EE0}"
EndProject
Global
	GlobalSection(SolutionConfigurationPlatforms) = preSolution
		Debug|Any CPU = Debug|Any CPU
		Release|Any CPU = Release|Any CPU
	EndGlobalSection
	GlobalSection(ProjectConfigurationPlatforms) = postSolution
		{D9902CB0-9D88-4707-912A-A4D5474B3EE0}.Debug|Any CPU.ActiveCfg = Debug|Any CPU
		{D9902CB0-9D88-4707-912A-A4D5474B3EE0}.Debug|Any CPU.Build.0 = Debug|Any CPU
		{D9902CB0-9D88-4707-912A-A4D5474B3EE0}.Release|Any CPU.ActiveCfg = Release|Any CPU
		{D9902CB0-9D88-4707-912A-A4D5474B3EE0}.Release|Any CPU.Build.0 = Release|Any CPU
	EndGlobalSection
	GlobalSection(SolutionProperties) = preSolution
		HideSolutionNode = FALSE
	EndGlobalSection
	GlobalSection(ExtensibilityGlobals) = postSolution
		SolutionGuid = {786343D9-B24F-42B1-96CB-346F9A193F32}
	EndGlobalSection
EndGlobal
